
Microsoft Visual Studio Solution File, Format Version 12.00
Project("{FAE04EC0-301F-11D3-BF4B-00C04F79EFBC}") = "cqrs-mediatr-example", "cqrs-mediatr-example.csproj", "{D162AE12-1D07-4921-9854-60D54E6D2FEF}"
EndProject
Global
	GlobalSection(SolutionConfigurationPlatforms) = preSolution
		Debug|Any CPU = Debug|Any CPU
		Release|Any CPU = Release|Any CPU
	EndGlobalSection
	GlobalSection(ProjectConfigurationPlatforms) = postSolution
		{D162AE12-1D07-4921-9854-60D54E6D2FEF}.Debug|Any CPU.ActiveCfg = Debug|Any CPU
		{D162AE12-1D07-4921-9854-60D54E6D2FEF}.Debug|Any CPU.Build.0 = Debug|Any CPU
		{D162AE12-1D07-4921-9854-60D54E6D2FEF}.Release|Any CPU.ActiveCfg = Release|Any CPU
		{D162AE12-1D07-4921-9854-60D54E6D2FEF}.Release|Any CPU.Build.0 = Release|Any CPU
	EndGlobalSection
EndGlobal
